
Microsoft Visual Studio Solution File, Format Version 12.00
# Visual Studio 2015
Project("{FAE04EC0-301F-11D3-BF4B-00C04F79EFBC}") = "SQLLoginTest.CSharp", "SQLLoginTest.CSharp.csproj", "{E7582077-3634-A48C-CDE5-3209A6029CFE}"
EndProject
Global
	GlobalSection(SolutionConfigurationPlatforms) = preSolution
		Debug|Any CPU = Debug|Any CPU
		Release|Any CPU = Release|Any CPU
	EndGlobalSection
	GlobalSection(ProjectConfigurationPlatforms) = postSolution
		{E7582077-3634-A48C-CDE5-3209A6029CFE}.Debug|Any CPU.ActiveCfg = Debug|Any CPU
		{E7582077-3634-A48C-CDE5-3209A6029CFE}.Debug|Any CPU.Build.0 = Debug|Any CPU
		{E7582077-3634-A48C-CDE5-3209A6029CFE}.Release|Any CPU.ActiveCfg = Release|Any CPU
		{E7582077-3634-A48C-CDE5-3209A6029CFE}.Release|Any CPU.Build.0 = Release|Any CPU
	EndGlobalSection
	GlobalSection(SolutionProperties) = preSolution
		HideSolutionNode = FALSE
	EndGlobalSection
EndGlobal
